
Microsoft Visual Studio Solution File, Format Version 12.00
# Visual Studio Version 17
VisualStudioVersion = 17.0.32126.317
MinimumVisualStudioVersion = 10.0.40219.1
Project("{9A19103F-16F7-4668-BE54-9A1E7A4F7556}") = "Game", "game\Game.csproj", "{BBB38BC6-16A6-47E1-A1B4-3AA12263E25A}"
EndProject
Global
	GlobalSection(SolutionConfigurationPlatforms) = preSolution
		Debug|Any CPU = Debug|Any CPU
		Release|Any CPU = Release|Any CPU
	EndGlobalSection
	GlobalSection(ProjectConfigurationPlatforms) = postSolution
		{BBB38BC6-16A6-47E1-A1B4-3AA12263E25A}.Debug|Any CPU.ActiveCfg = Debug|Any CPU
		{BBB38BC6-16A6-47E1-A1B4-3AA12263E25A}.Debug|Any CPU.Build.0 = Debug|Any CPU
		{BBB38BC6-16A6-47E1-A1B4-3AA12263E25A}.Release|Any CPU.ActiveCfg = Release|Any CPU
		{BBB38BC6-16A6-47E1-A1B4-3AA12263E25A}.Release|Any CPU.Build.0 = Release|Any CPU
	EndGlobalSection
	GlobalSection(SolutionProperties) = preSolution
		HideSolutionNode = FALSE
	EndGlobalSection
	GlobalSection(ExtensibilityGlobals) = postSolution
		SolutionGuid = {16982F6E-5DAD-4552-BF4E-0D387635B87A}
	EndGlobalSection
EndGlobal
